
Microsoft Visual Studio Solution File, Format Version 12.00
# Visual Studio Version 17
VisualStudioVersion = 17.4.33213.308
MinimumVisualStudioVersion = 10.0.40219.1
Project("{9A19103F-16F7-4668-BE54-9A1E7A4F7556}") = "romeo-assistant-api", "romeo-assistant\romeo-assistant-api.csproj", "{4E5BEA25-8B57-42AF-99CE-588DEF5393DF}"
EndProject
Project("{FAE04EC0-301F-11D3-BF4B-00C04F79EFBC}") = "romeo-assistant-core", "romeo-assistant-core\romeo-assistant-core.csproj", "{AD182CFB-CF62-4DC2-B708-61010E4A74C6}"
EndProject
Global
	GlobalSection(SolutionConfigurationPlatforms) = preSolution
		Debug|Any CPU = Debug|Any CPU
		Release|Any CPU = Release|Any CPU
	EndGlobalSection
	GlobalSection(ProjectConfigurationPlatforms) = postSolution
		{4E5BEA25-8B57-42AF-99CE-588DEF5393DF}.Debug|Any CPU.ActiveCfg = Debug|Any CPU
		{4E5BEA25-8B57-42AF-99CE-588DEF5393DF}.Debug|Any CPU.Build.0 = Debug|Any CPU
		{4E5BEA25-8B57-42AF-99CE-588DEF5393DF}.Release|Any CPU.ActiveCfg = Release|Any CPU
		{4E5BEA25-8B57-42AF-99CE-588DEF5393DF}.Release|Any CPU.Build.0 = Release|Any CPU
		{AD182CFB-CF62-4DC2-B708-61010E4A74C6}.Debug|Any CPU.ActiveCfg = Debug|Any CPU
		{AD182CFB-CF62-4DC2-B708-61010E4A74C6}.Debug|Any CPU.Build.0 = Debug|Any CPU
		{AD182CFB-CF62-4DC2-B708-61010E4A74C6}.Release|Any CPU.ActiveCfg = Release|Any CPU
		{AD182CFB-CF62-4DC2-B708-61010E4A74C6}.Release|Any CPU.Build.0 = Release|Any CPU
	EndGlobalSection
	GlobalSection(SolutionProperties) = preSolution
		HideSolutionNode = FALSE
	EndGlobalSection
	GlobalSection(ExtensibilityGlobals) = postSolution
		SolutionGuid = {896F13B2-5DEA-4942-B2EB-AE044EDFEDD5}
	EndGlobalSection
EndGlobal
